// !$*UTF8*$!
{
	archiveVersion = 1;
	classes = {
	};
	objectVersion = 46;
	objects = {

/* Begin PBXBuildFile section */
		8F5EC24C1D327AAD0052D9A7 /* AppDelegate.swift in Sources */ = {isa = PBXBuildFile; fileRef = 8F5EC24B1D327AAD0052D9A7 /* AppDelegate.swift */; };
		8F5EC24E1D327AAD0052D9A7 /* ViewController.swift in Sources */ = {isa = PBXBuildFile; fileRef = 8F5EC24D1D327AAD0052D9A7 /* ViewController.swift */; };
		8F5EC2511D327AAD0052D9A7 /* Main.storyboard in Resources */ = {isa = PBXBuildFile; fileRef = 8F5EC24F1D327AAD0052D9A7 /* Main.storyboard */; };
		8F5EC2531D327AAD0052D9A7 /* Assets.xcassets in Resources */ = {isa = PBXBuildFile; fileRef = 8F5EC2521D327AAD0052D9A7 /* Assets.xcassets */; };
		8F5EC2561D327AAD0052D9A7 /* LaunchScreen.storyboard in Resources */ = {isa = PBXBuildFile; fileRef = 8F5EC2541D327AAD0052D9A7 /* LaunchScreen.storyboard */; };
		8F5EC2611D327AAD0052D9A7 /* ZeroMQiOSTests.swift in Sources */ = {isa = PBXBuildFile; fileRef = 8F5EC2601D327AAD0052D9A7 /* ZeroMQiOSTests.swift */; };
		8F5EC26C1D327AAD0052D9A7 /* ZeroMQiOSUITests.swift in Sources */ = {isa = PBXBuildFile; fileRef = 8F5EC26B1D327AAD0052D9A7 /* ZeroMQiOSUITests.swift */; };
		8F5EC2811D327B180052D9A7 /* ZeroMQWrapper.mm in Sources */ = {isa = PBXBuildFile; fileRef = 8F5EC2801D327B180052D9A7 /* ZeroMQWrapper.mm */; };
		8F5EC2851D327BBC0052D9A7 /* ZeroMQFunctions.cpp in Sources */ = {isa = PBXBuildFile; fileRef = 8F5EC2831D327BBC0052D9A7 /* ZeroMQFunctions.cpp */; };
		8F5EC28A1D327F3C0052D9A7 /* libzmq.a in Frameworks */ = {isa = PBXBuildFile; fileRef = 8F5EC2891D327F3C0052D9A7 /* libzmq.a */; };
		8F5EC28E1D327F770052D9A7 /* sodium in Resources */ = {isa = PBXBuildFile; fileRef = 8F5EC28C1D327F770052D9A7 /* sodium */; };
		8F5EC2901D327F830052D9A7 /* libsodium.a in Frameworks */ = {isa = PBXBuildFile; fileRef = 8F5EC28F1D327F830052D9A7 /* libsodium.a */; };
/* End PBXBuildFile section */

/* Begin PBXContainerItemProxy section */
		8F5EC25D1D327AAD0052D9A7 /* PBXContainerItemProxy */ = {
			isa = PBXContainerItemProxy;
			containerPortal = 8F5EC2401D327AAD0052D9A7 /* Project object */;
			proxyType = 1;
			remoteGlobalIDString = 8F5EC2471D327AAD0052D9A7;
			remoteInfo = ZeroMQiOS;
		};
		8F5EC2681D327AAD0052D9A7 /* PBXContainerItemProxy */ = {
			isa = PBXContainerItemProxy;
			containerPortal = 8F5EC2401D327AAD0052D9A7 /* Project object */;
			proxyType = 1;
			remoteGlobalIDString = 8F5EC2471D327AAD0052D9A7;
			remoteInfo = ZeroMQiOS;
		};
/* End PBXContainerItemProxy section */

/* Begin PBXFileReference section */
		8F5EC2481D327AAD0052D9A7 /* ZeroMQiOS.app */ = {isa = PBXFileReference; explicitFileType = wrapper.application; includeInIndex = 0; path = ZeroMQiOS.app; sourceTree = BUILT_PRODUCTS_DIR; };
		8F5EC24B1D327AAD0052D9A7 /* AppDelegate.swift */ = {isa = PBXFileReference; lastKnownFileType = sourcecode.swift; path = AppDelegate.swift; sourceTree = "<group>"; };
		8F5EC24D1D327AAD0052D9A7 /* ViewController.swift */ = {isa = PBXFileReference; lastKnownFileType = sourcecode.swift; path = ViewController.swift; sourceTree = "<group>"; };
		8F5EC2501D327AAD0052D9A7 /* Base */ = {isa = PBXFileReference; lastKnownFileType = file.storyboard; name = Base; path = Base.lproj/Main.storyboard; sourceTree = "<group>"; };
		8F5EC2521D327AAD0052D9A7 /* Assets.xcassets */ = {isa = PBXFileReference; lastKnownFileType = folder.assetcatalog; path = Assets.xcassets; sourceTree = "<group>"; };
		8F5EC2551D327AAD0052D9A7 /* Base */ = {isa = PBXFileReference; lastKnownFileType = file.storyboard; name = Base; path = Base.lproj/LaunchScreen.storyboard; sourceTree = "<group>"; };
		8F5EC2571D327AAD0052D9A7 /* Info.plist */ = {isa = PBXFileReference; lastKnownFileType = text.plist.xml; path = Info.plist; sourceTree = "<group>"; };
		8F5EC25C1D327AAD0052D9A7 /* ZeroMQiOSTests.xctest */ = {isa = PBXFileReference; explicitFileType = wrapper.cfbundle; includeInIndex = 0; path = ZeroMQiOSTests.xctest; sourceTree = BUILT_PRODUCTS_DIR; };
		8F5EC2601D327AAD0052D9A7 /* ZeroMQiOSTests.swift */ = {isa = PBXFileReference; lastKnownFileType = sourcecode.swift; path = ZeroMQiOSTests.swift; sourceTree = "<group>"; };
		8F5EC2621D327AAD0052D9A7 /* Info.plist */ = {isa = PBXFileReference; lastKnownFileType = text.plist.xml; path = Info.plist; sourceTree = "<group>"; };
		8F5EC2671D327AAD0052D9A7 /* ZeroMQiOSUITests.xctest */ = {isa = PBXFileReference; explicitFileType = wrapper.cfbundle; includeInIndex = 0; path = ZeroMQiOSUITests.xctest; sourceTree = BUILT_PRODUCTS_DIR; };
		8F5EC26B1D327AAD0052D9A7 /* ZeroMQiOSUITests.swift */ = {isa = PBXFileReference; lastKnownFileType = sourcecode.swift; path = ZeroMQiOSUITests.swift; sourceTree = "<group>"; };
		8F5EC26D1D327AAD0052D9A7 /* Info.plist */ = {isa = PBXFileReference; lastKnownFileType = text.plist.xml; path = Info.plist; sourceTree = "<group>"; };
		8F5EC27F1D327B180052D9A7 /* ZeroMQiOS-Bridging-Header.h */ = {isa = PBXFileReference; lastKnownFileType = sourcecode.c.h; path = "ZeroMQiOS-Bridging-Header.h"; sourceTree = "<group>"; };
		8F5EC2801D327B180052D9A7 /* ZeroMQWrapper.mm */ = {isa = PBXFileReference; fileEncoding = 4; lastKnownFileType = sourcecode.cpp.objcpp; path = ZeroMQWrapper.mm; sourceTree = "<group>"; };
		8F5EC2821D327B280052D9A7 /* ZeroMQWrapper.h */ = {isa = PBXFileReference; lastKnownFileType = sourcecode.c.h; path = ZeroMQWrapper.h; sourceTree = "<group>"; };
		8F5EC2831D327BBC0052D9A7 /* ZeroMQFunctions.cpp */ = {isa = PBXFileReference; fileEncoding = 4; lastKnownFileType = sourcecode.cpp.cpp; path = ZeroMQFunctions.cpp; sourceTree = "<group>"; };
		8F5EC2841D327BBC0052D9A7 /* ZeroMQFunctions.hpp */ = {isa = PBXFileReference; fileEncoding = 4; lastKnownFileType = sourcecode.cpp.h; path = ZeroMQFunctions.hpp; sourceTree = "<group>"; };
		8F5EC2861D327C260052D9A7 /* zHelpers.h */ = {isa = PBXFileReference; fileEncoding = 4; lastKnownFileType = sourcecode.c.h; path = zHelpers.h; sourceTree = "<group>"; };
		8F5EC2871D327F340052D9A7 /* zmq_utils.h */ = {isa = PBXFileReference; fileEncoding = 4; lastKnownFileType = sourcecode.c.h; name = zmq_utils.h; path = libzmq_dist/include/zmq_utils.h; sourceTree = "<group>"; };
		8F5EC2881D327F340052D9A7 /* zmq.h */ = {isa = PBXFileReference; fileEncoding = 4; lastKnownFileType = sourcecode.c.h; name = zmq.h; path = libzmq_dist/include/zmq.h; sourceTree = "<group>"; };
		8F5EC2891D327F3C0052D9A7 /* libzmq.a */ = {isa = PBXFileReference; lastKnownFileType = archive.ar; name = libzmq.a; path = libzmq_dist/lib/libzmq.a; sourceTree = "<group>"; };
		8F5EC28C1D327F770052D9A7 /* sodium */ = {isa = PBXFileReference; lastKnownFileType = folder; name = sodium; path = libsodium_dist/include/sodium; sourceTree = "<group>"; };
		8F5EC28D1D327F770052D9A7 /* sodium.h */ = {isa = PBXFileReference; fileEncoding = 4; lastKnownFileType = sourcecode.c.h; name = sodium.h; path = libsodium_dist/include/sodium.h; sourceTree = "<group>"; };
		8F5EC28F1D327F830052D9A7 /* libsodium.a */ = {isa = PBXFileReference; lastKnownFileType = archive.ar; name = libsodium.a; path = libsodium_dist/lib/libsodium.a; sourceTree = "<group>"; };
/* End PBXFileReference section */

/* Begin PBXFrameworksBuildPhase section */
		8F5EC2451D327AAD0052D9A7 /* Frameworks */ = {
			isa = PBXFrameworksBuildPhase;
			buildActionMask = 2147483647;
			files = (
				8F5EC2901D327F830052D9A7 /* libsodium.a in Frameworks */,
				8F5EC28A1D327F3C0052D9A7 /* libzmq.a in Frameworks */,
			);
			runOnlyForDeploymentPostprocessing = 0;
		};
		8F5EC2591D327AAD0052D9A7 /* Frameworks */ = {
			isa = PBXFrameworksBuildPhase;
			buildActionMask = 2147483647;
			files = (
			);
			runOnlyForDeploymentPostprocessing = 0;
		};
		8F5EC2641D327AAD0052D9A7 /* Frameworks */ = {
			isa = PBXFrameworksBuildPhase;
			buildActionMask = 2147483647;
			files = (
			);
			runOnlyForDeploymentPostprocessing = 0;
		};
/* End PBXFrameworksBuildPhase section */

/* Begin PBXGroup section */
		8F5EC23F1D327AAD0052D9A7 = {
			isa = PBXGroup;
			children = (
				8F5EC24A1D327AAD0052D9A7 /* ZeroMQiOS */,
				8F5EC2791D327ABC0052D9A7 /* Frameworks */,
				8F5EC25F1D327AAD0052D9A7 /* ZeroMQiOSTests */,
				8F5EC26A1D327AAD0052D9A7 /* ZeroMQiOSUITests */,
				8F5EC2491D327AAD0052D9A7 /* Products */,
			);
			sourceTree = "<group>";
		};
		8F5EC2491D327AAD0052D9A7 /* Products */ = {
			isa = PBXGroup;
			children = (
				8F5EC2481D327AAD0052D9A7 /* ZeroMQiOS.app */,
				8F5EC25C1D327AAD0052D9A7 /* ZeroMQiOSTests.xctest */,
				8F5EC2671D327AAD0052D9A7 /* ZeroMQiOSUITests.xctest */,
			);
			name = Products;
			sourceTree = "<group>";
		};
		8F5EC24A1D327AAD0052D9A7 /* ZeroMQiOS */ = {
			isa = PBXGroup;
			children = (
				8F5EC24B1D327AAD0052D9A7 /* AppDelegate.swift */,
				8F5EC24D1D327AAD0052D9A7 /* ViewController.swift */,
				8F5EC24F1D327AAD0052D9A7 /* Main.storyboard */,
				8F5EC2521D327AAD0052D9A7 /* Assets.xcassets */,
				8F5EC2541D327AAD0052D9A7 /* LaunchScreen.storyboard */,
				8F5EC2571D327AAD0052D9A7 /* Info.plist */,
				8F5EC2821D327B280052D9A7 /* ZeroMQWrapper.h */,
				8F5EC2801D327B180052D9A7 /* ZeroMQWrapper.mm */,
				8F5EC2841D327BBC0052D9A7 /* ZeroMQFunctions.hpp */,
				8F5EC2831D327BBC0052D9A7 /* ZeroMQFunctions.cpp */,
				8F5EC2861D327C260052D9A7 /* zHelpers.h */,
				8F5EC27F1D327B180052D9A7 /* ZeroMQiOS-Bridging-Header.h */,
			);
			path = ZeroMQiOS;
			sourceTree = "<group>";
		};
		8F5EC25F1D327AAD0052D9A7 /* ZeroMQiOSTests */ = {
			isa = PBXGroup;
			children = (
				8F5EC2601D327AAD0052D9A7 /* ZeroMQiOSTests.swift */,
				8F5EC2621D327AAD0052D9A7 /* Info.plist */,
			);
			path = ZeroMQiOSTests;
			sourceTree = "<group>";
		};
		8F5EC26A1D327AAD0052D9A7 /* ZeroMQiOSUITests */ = {
			isa = PBXGroup;
			children = (
				8F5EC26B1D327AAD0052D9A7 /* ZeroMQiOSUITests.swift */,
				8F5EC26D1D327AAD0052D9A7 /* Info.plist */,
			);
			path = ZeroMQiOSUITests;
			sourceTree = "<group>";
		};
		8F5EC2791D327ABC0052D9A7 /* Frameworks */ = {
			isa = PBXGroup;
			children = (
				8F5EC28B1D327F620052D9A7 /* include_libsodium */,
				8F5EC27E1D327AD80052D9A7 /* include_zeroMQ */,
				8F5EC2891D327F3C0052D9A7 /* libzmq.a */,
				8F5EC28F1D327F830052D9A7 /* libsodium.a */,
			);
			name = Frameworks;
			sourceTree = "<group>";
		};
		8F5EC27E1D327AD80052D9A7 /* include_zeroMQ */ = {
			isa = PBXGroup;
			children = (
				8F5EC2871D327F340052D9A7 /* zmq_utils.h */,
				8F5EC2881D327F340052D9A7 /* zmq.h */,
			);
			name = include_zeroMQ;
			sourceTree = "<group>";
		};
		8F5EC28B1D327F620052D9A7 /* include_libsodium */ = {
			isa = PBXGroup;
			children = (
				8F5EC28C1D327F770052D9A7 /* sodium */,
				8F5EC28D1D327F770052D9A7 /* sodium.h */,
			);
			name = include_libsodium;
			sourceTree = "<group>";
		};
/* End PBXGroup section */

/* Begin PBXNativeTarget section */
		8F5EC2471D327AAD0052D9A7 /* ZeroMQiOS */ = {
			isa = PBXNativeTarget;
			buildConfigurationList = 8F5EC2701D327AAD0052D9A7 /* Build configuration list for PBXNativeTarget "ZeroMQiOS" */;
			buildPhases = (
				8F5EC2441D327AAD0052D9A7 /* Sources */,
				8F5EC2451D327AAD0052D9A7 /* Frameworks */,
				8F5EC2461D327AAD0052D9A7 /* Resources */,
			);
			buildRules = (
			);
			dependencies = (
			);
			name = ZeroMQiOS;
			productName = ZeroMQiOS;
			productReference = 8F5EC2481D327AAD0052D9A7 /* ZeroMQiOS.app */;
			productType = "com.apple.product-type.application";
		};
		8F5EC25B1D327AAD0052D9A7 /* ZeroMQiOSTests */ = {
			isa = PBXNativeTarget;
			buildConfigurationList = 8F5EC2731D327AAD0052D9A7 /* Build configuration list for PBXNativeTarget "ZeroMQiOSTests" */;
			buildPhases = (
				8F5EC2581D327AAD0052D9A7 /* Sources */,
				8F5EC2591D327AAD0052D9A7 /* Frameworks */,
				8F5EC25A1D327AAD0052D9A7 /* Resources */,
			);
			buildRules = (
			);
			dependencies = (
				8F5EC25E1D327AAD0052D9A7 /* PBXTargetDependency */,
			);
			name = ZeroMQiOSTests;
			productName = ZeroMQiOSTests;
			productReference = 8F5EC25C1D327AAD0052D9A7 /* ZeroMQiOSTests.xctest */;
			productType = "com.apple.product-type.bundle.unit-test";
		};
		8F5EC2661D327AAD0052D9A7 /* ZeroMQiOSUITests */ = {
			isa = PBXNativeTarget;
			buildConfigurationList = 8F5EC2761D327AAD0052D9A7 /* Build configuration list for PBXNativeTarget "ZeroMQiOSUITests" */;
			buildPhases = (
				8F5EC2631D327AAD0052D9A7 /* Sources */,
				8F5EC2641D327AAD0052D9A7 /* Frameworks */,
				8F5EC2651D327AAD0052D9A7 /* Resources */,
			);
			buildRules = (
			);
			dependencies = (
				8F5EC2691D327AAD0052D9A7 /* PBXTargetDependency */,
			);
			name = ZeroMQiOSUITests;
			productName = ZeroMQiOSUITests;
			productReference = 8F5EC2671D327AAD0052D9A7 /* ZeroMQiOSUITests.xctest */;
			productType = "com.apple.product-type.bundle.ui-testing";
		};
/* End PBXNativeTarget section */

/* Begin PBXProject section */
		8F5EC2401D327AAD0052D9A7 /* Project object */ = {
			isa = PBXProject;
			attributes = {
				LastSwiftUpdateCheck = 0730;
				LastUpgradeCheck = 0730;
				ORGANIZATIONNAME = "Stephan Korner";
				TargetAttributes = {
					8F5EC2471D327AAD0052D9A7 = {
						CreatedOnToolsVersion = 7.3;
					};
					8F5EC25B1D327AAD0052D9A7 = {
						CreatedOnToolsVersion = 7.3;
						TestTargetID = 8F5EC2471D327AAD0052D9A7;
					};
					8F5EC2661D327AAD0052D9A7 = {
						CreatedOnToolsVersion = 7.3;
						TestTargetID = 8F5EC2471D327AAD0052D9A7;
					};
				};
			};
			buildConfigurationList = 8F5EC2431D327AAD0052D9A7 /* Build configuration list for PBXProject "ZeroMQiOS" */;
			compatibilityVersion = "Xcode 3.2";
			developmentRegion = English;
			hasScannedForEncodings = 0;
			knownRegions = (
				en,
				Base,
			);
			mainGroup = 8F5EC23F1D327AAD0052D9A7;
			productRefGroup = 8F5EC2491D327AAD0052D9A7 /* Products */;
			projectDirPath = "";
			projectRoot = "";
			targets = (
				8F5EC2471D327AAD0052D9A7 /* ZeroMQiOS */,
				8F5EC25B1D327AAD0052D9A7 /* ZeroMQiOSTests */,
				8F5EC2661D327AAD0052D9A7 /* ZeroMQiOSUITests */,
			);
		};
/* End PBXProject section */

/* Begin PBXResourcesBuildPhase section */
		8F5EC2461D327AAD0052D9A7 /* Resources */ = {
			isa = PBXResourcesBuildPhase;
			buildActionMask = 2147483647;
			files = (
				8F5EC2561D327AAD0052D9A7 /* LaunchScreen.storyboard in Resources */,
				8F5EC2531D327AAD0052D9A7 /* Assets.xcassets in Resources */,
				8F5EC2511D327AAD0052D9A7 /* Main.storyboard in Resources */,
				8F5EC28E1D327F770052D9A7 /* sodium in Resources */,
			);
			runOnlyForDeploymentPostprocessing = 0;
		};
		8F5EC25A1D327AAD0052D9A7 /* Resources */ = {
			isa = PBXResourcesBuildPhase;
			buildActionMask = 2147483647;
			files = (
			);
			runOnlyForDeploymentPostprocessing = 0;
		};
		8F5EC2651D327AAD0052D9A7 /* Resources */ = {
			isa = PBXResourcesBuildPhase;
			buildActionMask = 2147483647;
			files = (
			);
			runOnlyForDeploymentPostprocessing = 0;
		};
/* End PBXResourcesBuildPhase section */

/* Begin PBXSourcesBuildPhase section */
		8F5EC2441D327AAD0052D9A7 /* Sources */ = {
			isa = PBXSourcesBuildPhase;
			buildActionMask = 2147483647;
			files = (
				8F5EC24E1D327AAD0052D9A7 /* ViewController.swift in Sources */,
				8F5EC24C1D327AAD0052D9A7 /* AppDelegate.swift in Sources */,
				8F5EC2811D327B180052D9A7 /* ZeroMQWrapper.mm in Sources */,
				8F5EC2851D327BBC0052D9A7 /* ZeroMQFunctions.cpp in Sources */,
			);
			runOnlyForDeploymentPostprocessing = 0;
		};
		8F5EC2581D327AAD0052D9A7 /* Sources */ = {
			isa = PBXSourcesBuildPhase;
			buildActionMask = 2147483647;
			files = (
				8F5EC2611D327AAD0052D9A7 /* ZeroMQiOSTests.swift in Sources */,
			);
			runOnlyForDeploymentPostprocessing = 0;
		};
		8F5EC2631D327AAD0052D9A7 /* Sources */ = {
			isa = PBXSourcesBuildPhase;
			buildActionMask = 2147483647;
			files = (
				8F5EC26C1D327AAD0052D9A7 /* ZeroMQiOSUITests.swift in Sources */,
			);
			runOnlyForDeploymentPostprocessing = 0;
		};
/* End PBXSourcesBuildPhase section */

/* Begin PBXTargetDependency section */
		8F5EC25E1D327AAD0052D9A7 /* PBXTargetDependency */ = {
			isa = PBXTargetDependency;
			target = 8F5EC2471D327AAD0052D9A7 /* ZeroMQiOS */;
			targetProxy = 8F5EC25D1D327AAD0052D9A7 /* PBXContainerItemProxy */;
		};
		8F5EC2691D327AAD0052D9A7 /* PBXTargetDependency */ = {
			isa = PBXTargetDependency;
			target = 8F5EC2471D327AAD0052D9A7 /* ZeroMQiOS */;
			targetProxy = 8F5EC2681D327AAD0052D9A7 /* PBXContainerItemProxy */;
		};
/* End PBXTargetDependency section */

/* Begin PBXVariantGroup section */
		8F5EC24F1D327AAD0052D9A7 /* Main.storyboard */ = {
			isa = PBXVariantGroup;
			children = (
				8F5EC2501D327AAD0052D9A7 /* Base */,
			);
			name = Main.storyboard;
			sourceTree = "<group>";
		};
		8F5EC2541D327AAD0052D9A7 /* LaunchScreen.storyboard */ = {
			isa = PBXVariantGroup;
			children = (
				8F5EC2551D327AAD0052D9A7 /* Base */,
			);
			name = LaunchScreen.storyboard;
			sourceTree = "<group>";
		};
/* End PBXVariantGroup section */

/* Begin XCBuildConfiguration section */
		8F5EC26E1D327AAD0052D9A7 /* Debug */ = {
			isa = XCBuildConfiguration;
			buildSettings = {
				ALWAYS_SEARCH_USER_PATHS = NO;
				CLANG_ANALYZER_NONNULL = YES;
				CLANG_CXX_LANGUAGE_STANDARD = "gnu++0x";
				CLANG_CXX_LIBRARY = "libc++";
				CLANG_ENABLE_MODULES = YES;
				CLANG_ENABLE_OBJC_ARC = YES;
				CLANG_WARN_BOOL_CONVERSION = YES;
				CLANG_WARN_CONSTANT_CONVERSION = YES;
				CLANG_WARN_DIRECT_OBJC_ISA_USAGE = YES_ERROR;
				CLANG_WARN_EMPTY_BODY = YES;
				CLANG_WARN_ENUM_CONVERSION = YES;
				CLANG_WARN_INT_CONVERSION = YES;
				CLANG_WARN_OBJC_ROOT_CLASS = YES_ERROR;
				CLANG_WARN_UNREACHABLE_CODE = YES;
				CLANG_WARN__DUPLICATE_METHOD_MATCH = YES;
				"CODE_SIGN_IDENTITY[sdk=iphoneos*]" = "iPhone Developer";
				COPY_PHASE_STRIP = NO;
				DEBUG_INFORMATION_FORMAT = dwarf;
				ENABLE_STRICT_OBJC_MSGSEND = YES;
				ENABLE_TESTABILITY = YES;
				GCC_C_LANGUAGE_STANDARD = gnu99;
				GCC_DYNAMIC_NO_PIC = NO;
				GCC_NO_COMMON_BLOCKS = YES;
				GCC_OPTIMIZATION_LEVEL = 0;
				GCC_PREPROCESSOR_DEFINITIONS = (
					"DEBUG=1",
					"$(inherited)",
				);
				GCC_WARN_64_TO_32_BIT_CONVERSION = YES;
				GCC_WARN_ABOUT_RETURN_TYPE = YES_ERROR;
				GCC_WARN_UNDECLARED_SELECTOR = YES;
				GCC_WARN_UNINITIALIZED_AUTOS = YES_AGGRESSIVE;
				GCC_WARN_UNUSED_FUNCTION = YES;
				GCC_WARN_UNUSED_VARIABLE = YES;
				IPHONEOS_DEPLOYMENT_TARGET = 9.3;
				MTL_ENABLE_DEBUG_INFO = YES;
				ONLY_ACTIVE_ARCH = YES;
				SDKROOT = iphoneos;
				SWIFT_OPTIMIZATION_LEVEL = "-Onone";
				TARGETED_DEVICE_FAMILY = "1,2";
			};
			name = Debug;
		};
		8F5EC26F1D327AAD0052D9A7 /* Release */ = {
			isa = XCBuildConfiguration;
			buildSettings = {
				ALWAYS_SEARCH_USER_PATHS = NO;
				CLANG_ANALYZER_NONNULL = YES;
				CLANG_CXX_LANGUAGE_STANDARD = "gnu++0x";
				CLANG_CXX_LIBRARY = "libc++";
				CLANG_ENABLE_MODULES = YES;
				CLANG_ENABLE_OBJC_ARC = YES;
				CLANG_WARN_BOOL_CONVERSION = YES;
				CLANG_WARN_CONSTANT_CONVERSION = YES;
				CLANG_WARN_DIRECT_OBJC_ISA_USAGE = YES_ERROR;
				CLANG_WARN_EMPTY_BODY = YES;
				CLANG_WARN_ENUM_CONVERSION = YES;
				CLANG_WARN_INT_CONVERSION = YES;
				CLANG_WARN_OBJC_ROOT_CLASS = YES_ERROR;
				CLANG_WARN_UNREACHABLE_CODE = YES;
				CLANG_WARN__DUPLICATE_METHOD_MATCH = YES;
				"CODE_SIGN_IDENTITY[sdk=iphoneos*]" = "iPhone Developer";
				COPY_PHASE_STRIP = NO;
				DEBUG_INFORMATION_FORMAT = "dwarf-with-dsym";
				ENABLE_NS_ASSERTIONS = NO;
				ENABLE_STRICT_OBJC_MSGSEND = YES;
				GCC_C_LANGUAGE_STANDARD = gnu99;
				GCC_NO_COMMON_BLOCKS = YES;
				GCC_WARN_64_TO_32_BIT_CONVERSION = YES;
				GCC_WARN_ABOUT_RETURN_TYPE = YES_ERROR;
				GCC_WARN_UNDECLARED_SELECTOR = YES;
				GCC_WARN_UNINITIALIZED_AUTOS = YES_AGGRESSIVE;
				GCC_WARN_UNUSED_FUNCTION = YES;
				GCC_WARN_UNUSED_VARIABLE = YES;
				IPHONEOS_DEPLOYMENT_TARGET = 9.3;
				MTL_ENABLE_DEBUG_INFO = NO;
				SDKROOT = iphoneos;
				TARGETED_DEVICE_FAMILY = "1,2";
				VALIDATE_PRODUCT = YES;
			};
			name = Release;
		};
		8F5EC2711D327AAD0052D9A7 /* Debug */ = {
			isa = XCBuildConfiguration;
			buildSettings = {
				ASSETCATALOG_COMPILER_APPICON_NAME = AppIcon;
				CLANG_ENABLE_MODULES = YES;
				ENABLE_BITCODE = NO;
				INFOPLIST_FILE = ZeroMQiOS/Info.plist;
				LD_RUNPATH_SEARCH_PATHS = "$(inherited) @executable_path/Frameworks";
				LIBRARY_SEARCH_PATHS = (
					"$(inherited)",
					"$(PROJECT_DIR)",
					"$(PROJECT_DIR)/libzmq_dist/lib",
					"$(PROJECT_DIR)/libsodium_dist/lib",
				);
				PRODUCT_BUNDLE_IDENTIFIER = ch.ideenkaffee.30love.ZeroMQiOS;
				PRODUCT_NAME = "$(TARGET_NAME)";
				SWIFT_OBJC_BRIDGING_HEADER = "ZeroMQiOS/ZeroMQiOS-Bridging-Header.h";
				SWIFT_OPTIMIZATION_LEVEL = "-Onone";
			};
			name = Debug;
		};
		8F5EC2721D327AAD0052D9A7 /* Release */ = {
			isa = XCBuildConfiguration;
			buildSettings = {
				ASSETCATALOG_COMPILER_APPICON_NAME = AppIcon;
				CLANG_ENABLE_MODULES = YES;
				ENABLE_BITCODE = NO;
				INFOPLIST_FILE = ZeroMQiOS/Info.plist;
				LD_RUNPATH_SEARCH_PATHS = "$(inherited) @executable_path/Frameworks";
				LIBRARY_SEARCH_PATHS = (
					"$(inherited)",
					"$(PROJECT_DIR)",
					"$(PROJECT_DIR)/libzmq_dist/lib",
					"$(PROJECT_DIR)/libsodium_dist/lib",
				);
				PRODUCT_BUNDLE_IDENTIFIER = ch.ideenkaffee.30love.ZeroMQiOS;
				PRODUCT_NAME = "$(TARGET_NAME)";
				SWIFT_OBJC_BRIDGING_HEADER = "ZeroMQiOS/ZeroMQiOS-Bridging-Header.h";
			};
			name = Release;
		};
		8F5EC2741D327AAD0052D9A7 /* Debug */ = {
			isa = XCBuildConfiguration;
			buildSettings = {
				BUNDLE_LOADER = "$(TEST_HOST)";
				INFOPLIST_FILE = ZeroMQiOSTests/Info.plist;
				LD_RUNPATH_SEARCH_PATHS = "$(inherited) @executable_path/Frameworks @loader_path/Frameworks";
				PRODUCT_BUNDLE_IDENTIFIER = ch.ideenkaffee.30love.ZeroMQiOSTests;
				PRODUCT_NAME = "$(TARGET_NAME)";
				TEST_HOST = "$(BUILT_PRODUCTS_DIR)/ZeroMQiOS.app/ZeroMQiOS";
			};
			name = Debug;
		};
		8F5EC2751D327AAD0052D9A7 /* Release */ = {
			isa = XCBuildConfiguration;
			buildSettings = {
				BUNDLE_LOADER = "$(TEST_HOST)";
				INFOPLIST_FILE = ZeroMQiOSTests/Info.plist;
				LD_RUNPATH_SEARCH_PATHS = "$(inherited) @executable_path/Frameworks @loader_path/Frameworks";
				PRODUCT_BUNDLE_IDENTIFIER = ch.ideenkaffee.30love.ZeroMQiOSTests;
				PRODUCT_NAME = "$(TARGET_NAME)";
				TEST_HOST = "$(BUILT_PRODUCTS_DIR)/ZeroMQiOS.app/ZeroMQiOS";
			};
			name = Release;
		};
		8F5EC2771D327AAD0052D9A7 /* Debug */ = {
			isa = XCBuildConfiguration;
			buildSettings = {
				INFOPLIST_FILE = ZeroMQiOSUITests/Info.plist;
				LD_RUNPATH_SEARCH_PATHS = "$(inherited) @executable_path/Frameworks @loader_path/Frameworks";
				PRODUCT_BUNDLE_IDENTIFIER = ch.ideenkaffee.30love.ZeroMQiOSUITests;
				PRODUCT_NAME = "$(TARGET_NAME)";
				TEST_TARGET_NAME = ZeroMQiOS;
			};
			name = Debug;
		};
		8F5EC2781D327AAD0052D9A7 /* Release */ = {
			isa = XCBuildConfiguration;
			buildSettings = {
				INFOPLIST_FILE = ZeroMQiOSUITests/Info.plist;
				LD_RUNPATH_SEARCH_PATHS = "$(inherited) @executable_path/Frameworks @loader_path/Frameworks";
				PRODUCT_BUNDLE_IDENTIFIER = ch.ideenkaffee.30love.ZeroMQiOSUITests;
				PRODUCT_NAME = "$(TARGET_NAME)";
				TEST_TARGET_NAME = ZeroMQiOS;
			};
			name = Release;
		};
/* End XCBuildConfiguration section */

/* Begin XCConfigurationList section */
		8F5EC2431D327AAD0052D9A7 /* Build configuration list for PBXProject "ZeroMQiOS" */ = {
			isa = XCConfigurationList;
			buildConfigurations = (
				8F5EC26E1D327AAD0052D9A7 /* Debug */,
				8F5EC26F1D327AAD0052D9A7 /* Release */,
			);
			defaultConfigurationIsVisible = 0;
			defaultConfigurationName = Release;
		};
		8F5EC2701D327AAD0052D9A7 /* Build configuration list for PBXNativeTarget "ZeroMQiOS" */ = {
			isa = XCConfigurationList;
			buildConfigurations = (
				8F5EC2711D327AAD0052D9A7 /* Debug */,
				8F5EC2721D327AAD0052D9A7 /* Release */,
			);
			defaultConfigurationIsVisible = 0;
			defaultConfigurationName = Release;
		};
		8F5EC2731D327AAD0052D9A7 /* Build configuration list for PBXNativeTarget "ZeroMQiOSTests" */ = {
			isa = XCConfigurationList;
			buildConfigurations = (
				8F5EC2741D327AAD0052D9A7 /* Debug */,
				8F5EC2751D327AAD0052D9A7 /* Release */,
			);
			defaultConfigurationIsVisible = 0;
			defaultConfigurationName = Release;
		};
		8F5EC2761D327AAD0052D9A7 /* Build configuration list for PBXNativeTarget "ZeroMQiOSUITests" */ = {
			isa = XCConfigurationList;
			buildConfigurations = (
				8F5EC2771D327AAD0052D9A7 /* Debug */,
				8F5EC2781D327AAD0052D9A7 /* Release */,
			);
			defaultConfigurationIsVisible = 0;
			defaultConfigurationName = Release;
		};
/* End XCConfigurationList section */
	};
	rootObject = 8F5EC2401D327AAD0052D9A7 /* Project object */;
}
